<?xml version="1.0" encoding="utf-8"?>
<Project ToolsVersion="4.0" xmlns="http://schemas.microsoft.com/developer/msbuild/2003">
  <ItemGroup>
    <Filter Include="소스 파일">
      <UniqueIdentifier>{4FC737F1-C7A5-4376-A066-2A32D752A2FF}</UniqueIdentifier>
      <Extensions>cpp;c;cc;cxx;def;odl;idl;hpj;bat;asm;asmx</Extensions>
    </Filter>
    <Filter Include="헤더 파일">
      <UniqueIdentifier>{93995380-89BD-4b04-88EB-625FBE52EBFB}</UniqueIdentifier>
      <Extensions>h;hh;hpp;hxx;hm;inl;inc;xsd</Extensions>
    </Filter>
    <Filter Include="Ball">
      <UniqueIdentifier>{070ba98f-99eb-41e7-ae61-18940ac048a0}</UniqueIdentifier>
    </Filter>
    <Filter Include="Map">
      <UniqueIdentifier>{a8ed0d6b-328a-46a5-8b62-897b15159bca}</UniqueIdentifier>
    </Filter>
    <Filter Include="Collision">
      <UniqueIdentifier>{ba03e00b-b15a-405c-8cc2-9bbf664d82d3}</UniqueIdentifier>
    </Filter>
    <Filter Include="TextureManager">
      <UniqueIdentifier>{01172a49-2c19-41d1-84af-227e598525a8}</UniqueIdentifier>
    </Filter>
    <Filter Include="SDLGameObject">
      <UniqueIdentifier>{b8f6f0a8-3a54-412e-89ca-4e4705a3bf67}</UniqueIdentifier>
    </Filter>
    <Filter Include="InputHandler">
      <UniqueIdentifier>{7980c35c-6222-439a-8e14-00d126423179}</UniqueIdentifier>
    </Filter>
    <Filter Include="Game">
      <UniqueIdentifier>{725c943b-636f-48c9-ad42-dfa29ebd58e3}</UniqueIdentifier>
    </Filter>
    <Filter Include="Brick">
      <UniqueIdentifier>{bbe00d42-d2e8-4df9-ae30-4e904a1ff8bd}</UniqueIdentifier>
    </Filter>
    <Filter Include="Online">
      <UniqueIdentifier>{abad3bfd-272d-4f0f-8a14-611e5692963f}</UniqueIdentifier>
    </Filter>
    <Filter Include="MenuState">
      <UniqueIdentifier>{e5cabc8d-dad3-43b2-a068-f8c8535922d9}</UniqueIdentifier>
    </Filter>
    <Filter Include="PlayState">
      <UniqueIdentifier>{33e98750-5ea3-4381-be2b-1aa609181128}</UniqueIdentifier>
    </Filter>
    <Filter Include="GameStateMachine">
      <UniqueIdentifier>{6da34c4f-81ac-4f3f-bad1-0242ab02afc9}</UniqueIdentifier>
    </Filter>
    <Filter Include="BackGround">
      <UniqueIdentifier>{942b0156-402e-4fe3-a5e0-924deb139b7b}</UniqueIdentifier>
    </Filter>
    <Filter Include="Button">
      <UniqueIdentifier>{88c8cc51-c00a-4f9e-a554-f38a2f969812}</UniqueIdentifier>
    </Filter>
    <Filter Include="Online\Host">
      <UniqueIdentifier>{42d1c2b9-2a4e-4ef0-85d9-db9737f00274}</UniqueIdentifier>
    </Filter>
    <Filter Include="Online\Join">
      <UniqueIdentifier>{ea0e0e53-39fb-42e8-aef6-40f264806472}</UniqueIdentifier>
    </Filter>
    <Filter Include="UIManager">
      <UniqueIdentifier>{88df9008-3263-48a8-ab7b-fc449a50de63}</UniqueIdentifier>
    </Filter>
    <Filter Include="UI">
      <UniqueIdentifier>{ed7d3490-992d-47b3-bac4-f01b9f27e676}</UniqueIdentifier>
    </Filter>
    <Filter Include="Timer">
      <UniqueIdentifier>{2f26ddaf-335b-4c0e-a4d9-3efacce2c738}</UniqueIdentifier>
    </Filter>
    <Filter Include="EndState">
      <UniqueIdentifier>{6cf4fa5e-3c77-4aa6-afcf-bea81a44ce25}</UniqueIdentifier>
    </Filter>
    <Filter Include="Player">
      <UniqueIdentifier>{afac6a22-bd6a-4d13-9b9f-afef8be0b855}</UniqueIdentifier>
    </Filter>
  </ItemGroup>
  <ItemGroup>
    <ClCompile Include="Ball.cpp">
      <Filter>Ball</Filter>
    </ClCompile>
    <ClCompile Include="Player.cpp">
      <Filter>Player</Filter>
    </ClCompile>
    <ClCompile Include="Map.cpp">
      <Filter>Map</Filter>
    </ClCompile>
    <ClCompile Include="Collision.cpp">
      <Filter>Collision</Filter>
    </ClCompile>
    <ClCompile Include="TextureManager.cpp">
      <Filter>TextureManager</Filter>
    </ClCompile>
    <ClCompile Include="SDLGameObject.cpp">
      <Filter>SDLGameObject</Filter>
    </ClCompile>
    <ClCompile Include="InputHandler.cpp">
      <Filter>InputHandler</Filter>
    </ClCompile>
    <ClCompile Include="Game.cpp">
      <Filter>Game</Filter>
    </ClCompile>
    <ClCompile Include="Brick.cpp">
      <Filter>Brick</Filter>
    </ClCompile>
    <ClCompile Include="PlayState.cpp">
      <Filter>PlayState</Filter>
    </ClCompile>
    <ClCompile Include="GameStateMachine.cpp">
      <Filter>GameStateMachine</Filter>
    </ClCompile>
    <ClCompile Include="MenuState.cpp">
      <Filter>MenuState</Filter>
    </ClCompile>
    <ClCompile Include="BackGround.cpp">
      <Filter>BackGround</Filter>
    </ClCompile>
    <ClCompile Include="main.cpp">
      <Filter>소스 파일</Filter>
    </ClCompile>
    <ClCompile Include="Button.cpp">
      <Filter>Button</Filter>
    </ClCompile>
    <ClCompile Include="Server.cpp">
      <Filter>Online\Host</Filter>
    </ClCompile>
    <ClCompile Include="Client.cpp">
      <Filter>Online\Join</Filter>
    </ClCompile>
    <ClCompile Include="UIManager.cpp">
      <Filter>UIManager</Filter>
    </ClCompile>
    <ClCompile Include="UI.cpp">
      <Filter>UI</Filter>
    </ClCompile>
    <ClCompile Include="Timer.cpp">
      <Filter>Timer</Filter>
    </ClCompile>
    <ClCompile Include="EndState.cpp">
      <Filter>EndState</Filter>
    </ClCompile>
  </ItemGroup>
  <ItemGroup>
    <ClInclude Include="Define.h">
      <Filter>헤더 파일</Filter>
    </ClInclude>
    <ClInclude Include="Deltatime.h">
      <Filter>헤더 파일</Filter>
    </ClInclude>
    <ClInclude Include="Player.h">
      <Filter>Player</Filter>
    </ClInclude>
    <ClInclude Include="Map.h">
      <Filter>Map</Filter>
    </ClInclude>
    <ClInclude Include="Collision.h">
      <Filter>Collision</Filter>
    </ClInclude>
    <ClInclude Include="TextureManager.h">
      <Filter>TextureManager</Filter>
    </ClInclude>
    <ClInclude Include="GameObject.h">
      <Filter>헤더 파일</Filter>
    </ClInclude>
    <ClInclude Include="SDLGameObject.h">
      <Filter>SDLGameObject</Filter>
    </ClInclude>
    <ClInclude Include="InputHandler.h">
      <Filter>InputHandler</Filter>
    </ClInclude>
    <ClInclude Include="LoaderParams.h">
      <Filter>헤더 파일</Filter>
    </ClInclude>
    <ClInclude Include="Vector2D.h">
      <Filter>헤더 파일</Filter>
    </ClInclude>
    <ClInclude Include="Game.h">
      <Filter>Game</Filter>
    </ClInclude>
    <ClInclude Include="Brick.h">
      <Filter>Brick</Filter>
    </ClInclude>
    <ClInclude Include="Ball.h">
      <Filter>Ball</Filter>
    </ClInclude>
    <ClInclude Include="MenuState.h">
      <Filter>MenuState</Filter>
    </ClInclude>
    <ClInclude Include="PlayState.h">
      <Filter>PlayState</Filter>
    </ClInclude>
    <ClInclude Include="GameStateMachine.h">
      <Filter>GameStateMachine</Filter>
    </ClInclude>
    <ClInclude Include="GameState.h">
      <Filter>헤더 파일</Filter>
    </ClInclude>
    <ClInclude Include="BackGround.h">
      <Filter>BackGround</Filter>
    </ClInclude>
    <ClInclude Include="Button.h">
      <Filter>Button</Filter>
    </ClInclude>
    <ClInclude Include="Server.h">
      <Filter>Online\Host</Filter>
    </ClInclude>
    <ClInclude Include="Client.h">
      <Filter>Online\Join</Filter>
    </ClInclude>
    <ClInclude Include="UIManager.h">
      <Filter>UIManager</Filter>
    </ClInclude>
    <ClInclude Include="UI.h">
      <Filter>UI</Filter>
    </ClInclude>
    <ClInclude Include="Timer.h">
      <Filter>Timer</Filter>
    </ClInclude>
    <ClInclude Include="EndState.h">
      <Filter>EndState</Filter>
    </ClInclude>
  </ItemGroup>
</Project>